
Microsoft Visual Studio Solution File, Format Version 12.00
# Visual Studio Version 17
VisualStudioVersion = 17.5.33516.290
MinimumVisualStudioVersion = 10.0.40219.1
Project("{FAE04EC0-301F-11D3-BF4B-00C04F79EFBC}") = "Properties", "Properties.csproj", "{6642E0E7-BDD3-4B83-9A04-1108EF772238}"
EndProject
Global
	GlobalSection(SolutionConfigurationPlatforms) = preSolution
		Debug|Any CPU = Debug|Any CPU
		Release|Any CPU = Release|Any CPU
	EndGlobalSection
	GlobalSection(ProjectConfigurationPlatforms) = postSolution
		{6642E0E7-BDD3-4B83-9A04-1108EF772238}.Debug|Any CPU.ActiveCfg = Debug|Any CPU
		{6642E0E7-BDD3-4B83-9A04-1108EF772238}.Debug|Any CPU.Build.0 = Debug|Any CPU
		{6642E0E7-BDD3-4B83-9A04-1108EF772238}.Release|Any CPU.ActiveCfg = Release|Any CPU
		{6642E0E7-BDD3-4B83-9A04-1108EF772238}.Release|Any CPU.Build.0 = Release|Any CPU
	EndGlobalSection
	GlobalSection(SolutionProperties) = preSolution
		HideSolutionNode = FALSE
	EndGlobalSection
	GlobalSection(ExtensibilityGlobals) = postSolution
		SolutionGuid = {82DC0F8D-120D-4CEF-B16D-00D799ABF7DF}
	EndGlobalSection
EndGlobal
